
Microsoft Visual Studio Solution File, Format Version 12.00
# Visual Studio 15
VisualStudioVersion = 15.0.28307.421
MinimumVisualStudioVersion = 10.0.40219.1
Project("{FAE04EC0-301F-11D3-BF4B-00C04F79EFBC}") = "Palindrome.Library", "Palindrome.Library\Palindrome.Library.csproj", "{44BE12F5-BE46-4CD7-A502-023439AF4E60}"
EndProject
Project("{FAE04EC0-301F-11D3-BF4B-00C04F79EFBC}") = "Palindrome.Test", "Palindrome.Test\Palindrome.Test.csproj", "{D023E56D-3CA8-4B6F-9F35-94588D541FF5}"
EndProject
Global
	GlobalSection(SolutionConfigurationPlatforms) = preSolution
		Debug|Any CPU = Debug|Any CPU
		Release|Any CPU = Release|Any CPU
	EndGlobalSection
	GlobalSection(ProjectConfigurationPlatforms) = postSolution
		{44BE12F5-BE46-4CD7-A502-023439AF4E60}.Debug|Any CPU.ActiveCfg = Debug|Any CPU
		{44BE12F5-BE46-4CD7-A502-023439AF4E60}.Debug|Any CPU.Build.0 = Debug|Any CPU
		{44BE12F5-BE46-4CD7-A502-023439AF4E60}.Release|Any CPU.ActiveCfg = Release|Any CPU
		{44BE12F5-BE46-4CD7-A502-023439AF4E60}.Release|Any CPU.Build.0 = Release|Any CPU
		{D023E56D-3CA8-4B6F-9F35-94588D541FF5}.Debug|Any CPU.ActiveCfg = Debug|Any CPU
		{D023E56D-3CA8-4B6F-9F35-94588D541FF5}.Debug|Any CPU.Build.0 = Debug|Any CPU
		{D023E56D-3CA8-4B6F-9F35-94588D541FF5}.Release|Any CPU.ActiveCfg = Release|Any CPU
		{D023E56D-3CA8-4B6F-9F35-94588D541FF5}.Release|Any CPU.Build.0 = Release|Any CPU
	EndGlobalSection
	GlobalSection(SolutionProperties) = preSolution
		HideSolutionNode = FALSE
	EndGlobalSection
	GlobalSection(ExtensibilityGlobals) = postSolution
		SolutionGuid = {1DBA8B37-FCBC-49B1-978D-2FBF0C0A2E61}
	EndGlobalSection
EndGlobal
