
Microsoft Visual Studio Solution File, Format Version 12.00
# Visual Studio 15
VisualStudioVersion = 15.0.27703.2042
MinimumVisualStudioVersion = 10.0.40219.1
Project("{FAE04EC0-301F-11D3-BF4B-00C04F79EFBC}") = "ClassLibrary1", "ClassLibrary1\ClassLibrary1.csproj", "{C7788420-7B72-4B53-846D-7A801F6E1D3E}"
EndProject
Project("{FAE04EC0-301F-11D3-BF4B-00C04F79EFBC}") = "XUnitTestProject1", "XUnitTestProject1\XUnitTestProject1.csproj", "{00E732B9-DD26-428E-B704-B78E07010697}"
EndProject
Global
	GlobalSection(SolutionConfigurationPlatforms) = preSolution
		Debug|Any CPU = Debug|Any CPU
		Release|Any CPU = Release|Any CPU
	EndGlobalSection
	GlobalSection(ProjectConfigurationPlatforms) = postSolution
		{C7788420-7B72-4B53-846D-7A801F6E1D3E}.Debug|Any CPU.ActiveCfg = Debug|Any CPU
		{C7788420-7B72-4B53-846D-7A801F6E1D3E}.Debug|Any CPU.Build.0 = Debug|Any CPU
		{C7788420-7B72-4B53-846D-7A801F6E1D3E}.Release|Any CPU.ActiveCfg = Release|Any CPU
		{C7788420-7B72-4B53-846D-7A801F6E1D3E}.Release|Any CPU.Build.0 = Release|Any CPU
		{00E732B9-DD26-428E-B704-B78E07010697}.Debug|Any CPU.ActiveCfg = Debug|Any CPU
		{00E732B9-DD26-428E-B704-B78E07010697}.Debug|Any CPU.Build.0 = Debug|Any CPU
		{00E732B9-DD26-428E-B704-B78E07010697}.Release|Any CPU.ActiveCfg = Release|Any CPU
		{00E732B9-DD26-428E-B704-B78E07010697}.Release|Any CPU.Build.0 = Release|Any CPU
	EndGlobalSection
	GlobalSection(SolutionProperties) = preSolution
		HideSolutionNode = FALSE
	EndGlobalSection
	GlobalSection(ExtensibilityGlobals) = postSolution
		SolutionGuid = {7AB6D2D2-AC15-489A-A39F-ACD727598973}
	EndGlobalSection
EndGlobal
