
Microsoft Visual Studio Solution File, Format Version 12.00
# Visual Studio 15
VisualStudioVersion = 15.0.28307.421
MinimumVisualStudioVersion = 10.0.40219.1
Project("{FAE04EC0-301F-11D3-BF4B-00C04F79EFBC}") = "Pal.UnitTest", "Pal.UnitTest\Pal.UnitTest.csproj", "{C59E7EBD-0BE5-4467-9DDC-3CB9E695632A}"
EndProject
Global
	GlobalSection(SolutionConfigurationPlatforms) = preSolution
		Debug|Any CPU = Debug|Any CPU
		Release|Any CPU = Release|Any CPU
	EndGlobalSection
	GlobalSection(ProjectConfigurationPlatforms) = postSolution
		{C59E7EBD-0BE5-4467-9DDC-3CB9E695632A}.Debug|Any CPU.ActiveCfg = Debug|Any CPU
		{C59E7EBD-0BE5-4467-9DDC-3CB9E695632A}.Debug|Any CPU.Build.0 = Debug|Any CPU
		{C59E7EBD-0BE5-4467-9DDC-3CB9E695632A}.Release|Any CPU.ActiveCfg = Release|Any CPU
		{C59E7EBD-0BE5-4467-9DDC-3CB9E695632A}.Release|Any CPU.Build.0 = Release|Any CPU
	EndGlobalSection
	GlobalSection(SolutionProperties) = preSolution
		HideSolutionNode = FALSE
	EndGlobalSection
	GlobalSection(ExtensibilityGlobals) = postSolution
		SolutionGuid = {C49972CC-B6E8-4342-AC17-3D067AD41B4F}
	EndGlobalSection
EndGlobal
